
Microsoft Visual Studio Solution File, Format Version 12.00
# Visual Studio Version 17
VisualStudioVersion = 17.2.32526.322
MinimumVisualStudioVersion = 10.0.40219.1
Project("{FAE04EC0-301F-11D3-BF4B-00C04F79EFBC}") = "VocabRevision", "VocabRevision\VocabRevision.csproj", "{B6BD3A3F-D1A3-414D-AB89-0973142A584F}"
EndProject
Global
	GlobalSection(SolutionConfigurationPlatforms) = preSolution
		Debug|Any CPU = Debug|Any CPU
		Release|Any CPU = Release|Any CPU
	EndGlobalSection
	GlobalSection(ProjectConfigurationPlatforms) = postSolution
		{B6BD3A3F-D1A3-414D-AB89-0973142A584F}.Debug|Any CPU.ActiveCfg = Debug|Any CPU
		{B6BD3A3F-D1A3-414D-AB89-0973142A584F}.Debug|Any CPU.Build.0 = Debug|Any CPU
		{B6BD3A3F-D1A3-414D-AB89-0973142A584F}.Release|Any CPU.ActiveCfg = Release|Any CPU
		{B6BD3A3F-D1A3-414D-AB89-0973142A584F}.Release|Any CPU.Build.0 = Release|Any CPU
	EndGlobalSection
	GlobalSection(SolutionProperties) = preSolution
		HideSolutionNode = FALSE
	EndGlobalSection
	GlobalSection(ExtensibilityGlobals) = postSolution
		SolutionGuid = {43C417E1-9E35-47B6-B4D1-7B6B486A9FAB}
	EndGlobalSection
EndGlobal
